// !$*UTF8*$!
{
	archiveVersion = 1;
	classes = {
	};
	objectVersion = 56;
	objects = {

/* Begin PBXBuildFile section */
		1D49450B2A885CDD00D2DACE /* Ring_Camera_ControlApp.swift in Sources */ = {isa = PBXBuildFile; fileRef = 1D49450A2A885CDD00D2DACE /* Ring_Camera_ControlApp.swift */; };
		1D49450D2A885CDD00D2DACE /* ContentView.swift in Sources */ = {isa = PBXBuildFile; fileRef = 1D49450C2A885CDD00D2DACE /* ContentView.swift */; };
		1D49450F2A885CDF00D2DACE /* Assets.xcassets in Resources */ = {isa = PBXBuildFile; fileRef = 1D49450E2A885CDF00D2DACE /* Assets.xcassets */; };
		1D4945122A885CDF00D2DACE /* Preview Assets.xcassets in Resources */ = {isa = PBXBuildFile; fileRef = 1D4945112A885CDF00D2DACE /* Preview Assets.xcassets */; };
		1D49451B2A885D2200D2DACE /* HomeStore.swift in Sources */ = {isa = PBXBuildFile; fileRef = 1D49451A2A885D2200D2DACE /* HomeStore.swift */; };
		1D49451F2A885DF100D2DACE /* BluetoothManager.swift in Sources */ = {isa = PBXBuildFile; fileRef = 1D49451E2A885DF100D2DACE /* BluetoothManager.swift */; };
		1D4945212A886F5C00D2DACE /* HomeView.swift in Sources */ = {isa = PBXBuildFile; fileRef = 1D4945202A886F5C00D2DACE /* HomeView.swift */; };
		1D4945252A88708200D2DACE /* ControlView.swift in Sources */ = {isa = PBXBuildFile; fileRef = 1D4945242A88708200D2DACE /* ControlView.swift */; };
		1D4945272A8870E700D2DACE /* SelectButton.swift in Sources */ = {isa = PBXBuildFile; fileRef = 1D4945262A8870E700D2DACE /* SelectButton.swift */; };
		1D4945292A88711B00D2DACE /* RoutePickerView.swift in Sources */ = {isa = PBXBuildFile; fileRef = 1D4945282A88711B00D2DACE /* RoutePickerView.swift */; };
		1D51EA152AC0C137002D3878 /* SpotifyiOS.framework in Frameworks */ = {isa = PBXBuildFile; fileRef = 1D51EA142AC0C137002D3878 /* SpotifyiOS.framework */; };
		1D94E38A2A8C93E000B7C625 /* TestModel.mlmodel in Sources */ = {isa = PBXBuildFile; fileRef = 1D94E3882A8C93E000B7C625 /* TestModel.mlmodel */; settings = {ATTRIBUTES = (project_codegen, ); }; };
		1D94E38D2A8D92A900B7C625 /* MLHandler.swift in Sources */ = {isa = PBXBuildFile; fileRef = 1D94E38C2A8D92A900B7C625 /* MLHandler.swift */; };
		1D94E38F2A933BD900B7C625 /* ServicesView.swift in Sources */ = {isa = PBXBuildFile; fileRef = 1D94E38E2A933BD900B7C625 /* ServicesView.swift */; };
		1D94E3912A933D2E00B7C625 /* CharacteristicsView.swift in Sources */ = {isa = PBXBuildFile; fileRef = 1D94E3902A933D2E00B7C625 /* CharacteristicsView.swift */; };
		1D94E3932A93401F00B7C625 /* OutlinedButtonStyle.swift in Sources */ = {isa = PBXBuildFile; fileRef = 1D94E3922A93401F00B7C625 /* OutlinedButtonStyle.swift */; };
		1D94E3952A936D2200B7C625 /* SpotifyWebView.swift in Sources */ = {isa = PBXBuildFile; fileRef = 1D94E3942A936D2200B7C625 /* SpotifyWebView.swift */; };
		1D94E3992A9E0AB400B7C625 /* MusicPlayer.swift in Sources */ = {isa = PBXBuildFile; fileRef = 1D94E3982A9E0AB400B7C625 /* MusicPlayer.swift */; };
/* End PBXBuildFile section */

/* Begin PBXFileReference section */
		1D279E422AC0B27E00E251C7 /* Ring-Camera-Control-Bridging-Header.h */ = {isa = PBXFileReference; lastKnownFileType = sourcecode.c.h; path = "Ring-Camera-Control-Bridging-Header.h"; sourceTree = "<group>"; };
		1D4945072A885CDD00D2DACE /* Ring-Camera-Control.app */ = {isa = PBXFileReference; explicitFileType = wrapper.application; includeInIndex = 0; path = "Ring-Camera-Control.app"; sourceTree = BUILT_PRODUCTS_DIR; };
		1D49450A2A885CDD00D2DACE /* Ring_Camera_ControlApp.swift */ = {isa = PBXFileReference; lastKnownFileType = sourcecode.swift; path = Ring_Camera_ControlApp.swift; sourceTree = "<group>"; };
		1D49450C2A885CDD00D2DACE /* ContentView.swift */ = {isa = PBXFileReference; lastKnownFileType = sourcecode.swift; path = ContentView.swift; sourceTree = "<group>"; };
		1D49450E2A885CDF00D2DACE /* Assets.xcassets */ = {isa = PBXFileReference; lastKnownFileType = folder.assetcatalog; path = Assets.xcassets; sourceTree = "<group>"; };
		1D4945112A885CDF00D2DACE /* Preview Assets.xcassets */ = {isa = PBXFileReference; lastKnownFileType = folder.assetcatalog; path = "Preview Assets.xcassets"; sourceTree = "<group>"; };
		1D49451A2A885D2200D2DACE /* HomeStore.swift */ = {isa = PBXFileReference; lastKnownFileType = sourcecode.swift; path = HomeStore.swift; sourceTree = "<group>"; };
		1D49451E2A885DF100D2DACE /* BluetoothManager.swift */ = {isa = PBXFileReference; lastKnownFileType = sourcecode.swift; path = BluetoothManager.swift; sourceTree = "<group>"; };
		1D4945202A886F5C00D2DACE /* HomeView.swift */ = {isa = PBXFileReference; lastKnownFileType = sourcecode.swift; path = HomeView.swift; sourceTree = "<group>"; };
		1D4945242A88708200D2DACE /* ControlView.swift */ = {isa = PBXFileReference; lastKnownFileType = sourcecode.swift; path = ControlView.swift; sourceTree = "<group>"; };
		1D4945262A8870E700D2DACE /* SelectButton.swift */ = {isa = PBXFileReference; lastKnownFileType = sourcecode.swift; path = SelectButton.swift; sourceTree = "<group>"; };
		1D4945282A88711B00D2DACE /* RoutePickerView.swift */ = {isa = PBXFileReference; lastKnownFileType = sourcecode.swift; path = RoutePickerView.swift; sourceTree = "<group>"; };
		1D49452B2A88720200D2DACE /* Ring-Camera-Control.entitlements */ = {isa = PBXFileReference; lastKnownFileType = text.plist.entitlements; path = "Ring-Camera-Control.entitlements"; sourceTree = "<group>"; };
		1D51EA142AC0C137002D3878 /* SpotifyiOS.framework */ = {isa = PBXFileReference; lastKnownFileType = wrapper.framework; name = SpotifyiOS.framework; path = "../../../../../Downloads/ios-sdk-1.2.4/SpotifyiOS.framework"; sourceTree = "<group>"; };
		1D94E3882A8C93E000B7C625 /* TestModel.mlmodel */ = {isa = PBXFileReference; lastKnownFileType = file.mlmodel; path = TestModel.mlmodel; sourceTree = "<group>"; };
		1D94E38C2A8D92A900B7C625 /* MLHandler.swift */ = {isa = PBXFileReference; lastKnownFileType = sourcecode.swift; path = MLHandler.swift; sourceTree = "<group>"; };
		1D94E38E2A933BD900B7C625 /* ServicesView.swift */ = {isa = PBXFileReference; lastKnownFileType = sourcecode.swift; path = ServicesView.swift; sourceTree = "<group>"; };
		1D94E3902A933D2E00B7C625 /* CharacteristicsView.swift */ = {isa = PBXFileReference; lastKnownFileType = sourcecode.swift; path = CharacteristicsView.swift; sourceTree = "<group>"; };
		1D94E3922A93401F00B7C625 /* OutlinedButtonStyle.swift */ = {isa = PBXFileReference; lastKnownFileType = sourcecode.swift; path = OutlinedButtonStyle.swift; sourceTree = "<group>"; };
		1D94E3942A936D2200B7C625 /* SpotifyWebView.swift */ = {isa = PBXFileReference; lastKnownFileType = sourcecode.swift; path = SpotifyWebView.swift; sourceTree = "<group>"; };
		1D94E3982A9E0AB400B7C625 /* MusicPlayer.swift */ = {isa = PBXFileReference; lastKnownFileType = sourcecode.swift; path = MusicPlayer.swift; sourceTree = "<group>"; };
		1D94E39A2A9E0BEA00B7C625 /* Info.plist */ = {isa = PBXFileReference; lastKnownFileType = text.plist; path = Info.plist; sourceTree = "<group>"; };
/* End PBXFileReference section */

/* Begin PBXFrameworksBuildPhase section */
		1D4945042A885CDD00D2DACE /* Frameworks */ = {
			isa = PBXFrameworksBuildPhase;
			buildActionMask = 2147483647;
			files = (
				1D51EA152AC0C137002D3878 /* SpotifyiOS.framework in Frameworks */,
			);
			runOnlyForDeploymentPostprocessing = 0;
		};
/* End PBXFrameworksBuildPhase section */

/* Begin PBXGroup section */
		1D4944FE2A885CDD00D2DACE = {
			isa = PBXGroup;
			children = (
				1D4945092A885CDD00D2DACE /* Ring-Camera-Control */,
				1D4945082A885CDD00D2DACE /* Products */,
			);
			sourceTree = "<group>";
		};
		1D4945082A885CDD00D2DACE /* Products */ = {
			isa = PBXGroup;
			children = (
				1D4945072A885CDD00D2DACE /* Ring-Camera-Control.app */,
			);
			name = Products;
			sourceTree = "<group>";
		};
		1D4945092A885CDD00D2DACE /* Ring-Camera-Control */ = {
			isa = PBXGroup;
			children = (
				1D94E39A2A9E0BEA00B7C625 /* Info.plist */,
				1D49452B2A88720200D2DACE /* Ring-Camera-Control.entitlements */,
				1D4945192A885D1400D2DACE /* Model */,
				1D4945182A885D0500D2DACE /* View */,
				1D49450A2A885CDD00D2DACE /* Ring_Camera_ControlApp.swift */,
				1D49450C2A885CDD00D2DACE /* ContentView.swift */,
				1D49450E2A885CDF00D2DACE /* Assets.xcassets */,
				1D4945102A885CDF00D2DACE /* Preview Content */,
				1D279E422AC0B27E00E251C7 /* Ring-Camera-Control-Bridging-Header.h */,
				1D51EA142AC0C137002D3878 /* SpotifyiOS.framework */,
			);
			path = "Ring-Camera-Control";
			sourceTree = "<group>";
		};
		1D4945102A885CDF00D2DACE /* Preview Content */ = {
			isa = PBXGroup;
			children = (
				1D4945112A885CDF00D2DACE /* Preview Assets.xcassets */,
			);
			path = "Preview Content";
			sourceTree = "<group>";
		};
		1D4945182A885D0500D2DACE /* View */ = {
			isa = PBXGroup;
			children = (
				1D49452A2A88712C00D2DACE /* UI */,
				1D4945202A886F5C00D2DACE /* HomeView.swift */,
				1D4945242A88708200D2DACE /* ControlView.swift */,
				1D94E38E2A933BD900B7C625 /* ServicesView.swift */,
				1D94E3902A933D2E00B7C625 /* CharacteristicsView.swift */,
				1D94E3942A936D2200B7C625 /* SpotifyWebView.swift */,
			);
			path = View;
			sourceTree = "<group>";
		};
		1D4945192A885D1400D2DACE /* Model */ = {
			isa = PBXGroup;
			children = (
				1D94E38B2A8C941300B7C625 /* CoreML */,
				1D49451A2A885D2200D2DACE /* HomeStore.swift */,
				1D49451E2A885DF100D2DACE /* BluetoothManager.swift */,
				1D94E38C2A8D92A900B7C625 /* MLHandler.swift */,
				1D94E3982A9E0AB400B7C625 /* MusicPlayer.swift */,
			);
			path = Model;
			sourceTree = "<group>";
		};
		1D49452A2A88712C00D2DACE /* UI */ = {
			isa = PBXGroup;
			children = (
				1D4945262A8870E700D2DACE /* SelectButton.swift */,
				1D4945282A88711B00D2DACE /* RoutePickerView.swift */,
				1D94E3922A93401F00B7C625 /* OutlinedButtonStyle.swift */,
			);
			path = UI;
			sourceTree = "<group>";
		};
		1D94E38B2A8C941300B7C625 /* CoreML */ = {
			isa = PBXGroup;
			children = (
				1D94E3882A8C93E000B7C625 /* TestModel.mlmodel */,
			);
			path = CoreML;
			sourceTree = "<group>";
		};
/* End PBXGroup section */

/* Begin PBXNativeTarget section */
		1D4945062A885CDD00D2DACE /* Ring-Camera-Control */ = {
			isa = PBXNativeTarget;
			buildConfigurationList = 1D4945152A885CDF00D2DACE /* Build configuration list for PBXNativeTarget "Ring-Camera-Control" */;
			buildPhases = (
				1D4945032A885CDD00D2DACE /* Sources */,
				1D4945042A885CDD00D2DACE /* Frameworks */,
				1D4945052A885CDD00D2DACE /* Resources */,
			);
			buildRules = (
			);
			dependencies = (
			);
			name = "Ring-Camera-Control";
			productName = "Ring-Camera-Control";
			productReference = 1D4945072A885CDD00D2DACE /* Ring-Camera-Control.app */;
			productType = "com.apple.product-type.application";
		};
/* End PBXNativeTarget section */

/* Begin PBXProject section */
		1D4944FF2A885CDD00D2DACE /* Project object */ = {
			isa = PBXProject;
			attributes = {
				BuildIndependentTargetsInParallel = 1;
				LastSwiftUpdateCheck = 1500;
				LastUpgradeCheck = 1500;
				TargetAttributes = {
					1D4945062A885CDD00D2DACE = {
						CreatedOnToolsVersion = 15.0;
						LastSwiftMigration = 1500;
					};
				};
			};
			buildConfigurationList = 1D4945022A885CDD00D2DACE /* Build configuration list for PBXProject "Ring-Camera-Control" */;
			compatibilityVersion = "Xcode 14.0";
			developmentRegion = en;
			hasScannedForEncodings = 0;
			knownRegions = (
				en,
				Base,
			);
			mainGroup = 1D4944FE2A885CDD00D2DACE;
			productRefGroup = 1D4945082A885CDD00D2DACE /* Products */;
			projectDirPath = "";
			projectRoot = "";
			targets = (
				1D4945062A885CDD00D2DACE /* Ring-Camera-Control */,
			);
		};
/* End PBXProject section */

/* Begin PBXResourcesBuildPhase section */
		1D4945052A885CDD00D2DACE /* Resources */ = {
			isa = PBXResourcesBuildPhase;
			buildActionMask = 2147483647;
			files = (
				1D4945122A885CDF00D2DACE /* Preview Assets.xcassets in Resources */,
				1D49450F2A885CDF00D2DACE /* Assets.xcassets in Resources */,
			);
			runOnlyForDeploymentPostprocessing = 0;
		};
/* End PBXResourcesBuildPhase section */

/* Begin PBXSourcesBuildPhase section */
		1D4945032A885CDD00D2DACE /* Sources */ = {
			isa = PBXSourcesBuildPhase;
			buildActionMask = 2147483647;
			files = (
				1D4945292A88711B00D2DACE /* RoutePickerView.swift in Sources */,
				1D94E38D2A8D92A900B7C625 /* MLHandler.swift in Sources */,
				1D49450D2A885CDD00D2DACE /* ContentView.swift in Sources */,
				1D49451B2A885D2200D2DACE /* HomeStore.swift in Sources */,
				1D94E3952A936D2200B7C625 /* SpotifyWebView.swift in Sources */,
				1D94E38F2A933BD900B7C625 /* ServicesView.swift in Sources */,
				1D49451F2A885DF100D2DACE /* BluetoothManager.swift in Sources */,
				1D4945212A886F5C00D2DACE /* HomeView.swift in Sources */,
				1D94E3912A933D2E00B7C625 /* CharacteristicsView.swift in Sources */,
				1D94E3992A9E0AB400B7C625 /* MusicPlayer.swift in Sources */,
				1D4945252A88708200D2DACE /* ControlView.swift in Sources */,
				1D4945272A8870E700D2DACE /* SelectButton.swift in Sources */,
				1D94E3932A93401F00B7C625 /* OutlinedButtonStyle.swift in Sources */,
				1D94E38A2A8C93E000B7C625 /* TestModel.mlmodel in Sources */,
				1D49450B2A885CDD00D2DACE /* Ring_Camera_ControlApp.swift in Sources */,
			);
			runOnlyForDeploymentPostprocessing = 0;
		};
/* End PBXSourcesBuildPhase section */

/* Begin XCBuildConfiguration section */
		1D4945132A885CDF00D2DACE /* Debug */ = {
			isa = XCBuildConfiguration;
			buildSettings = {
				ALWAYS_SEARCH_USER_PATHS = NO;
				ASSETCATALOG_COMPILER_GENERATE_SWIFT_ASSET_SYMBOL_EXTENSIONS = YES;
				CLANG_ANALYZER_NONNULL = YES;
				CLANG_ANALYZER_NUMBER_OBJECT_CONVERSION = YES_AGGRESSIVE;
				CLANG_CXX_LANGUAGE_STANDARD = "gnu++20";
				CLANG_ENABLE_MODULES = YES;
				CLANG_ENABLE_OBJC_ARC = YES;
				CLANG_ENABLE_OBJC_WEAK = YES;
				CLANG_WARN_BLOCK_CAPTURE_AUTORELEASING = YES;
				CLANG_WARN_BOOL_CONVERSION = YES;
				CLANG_WARN_COMMA = YES;
				CLANG_WARN_CONSTANT_CONVERSION = YES;
				CLANG_WARN_DEPRECATED_OBJC_IMPLEMENTATIONS = YES;
				CLANG_WARN_DIRECT_OBJC_ISA_USAGE = YES_ERROR;
				CLANG_WARN_DOCUMENTATION_COMMENTS = YES;
				CLANG_WARN_EMPTY_BODY = YES;
				CLANG_WARN_ENUM_CONVERSION = YES;
				CLANG_WARN_INFINITE_RECURSION = YES;
				CLANG_WARN_INT_CONVERSION = YES;
				CLANG_WARN_NON_LITERAL_NULL_CONVERSION = YES;
				CLANG_WARN_OBJC_IMPLICIT_RETAIN_SELF = YES;
				CLANG_WARN_OBJC_LITERAL_CONVERSION = YES;
				CLANG_WARN_OBJC_ROOT_CLASS = YES_ERROR;
				CLANG_WARN_QUOTED_INCLUDE_IN_FRAMEWORK_HEADER = YES;
				CLANG_WARN_RANGE_LOOP_ANALYSIS = YES;
				CLANG_WARN_STRICT_PROTOTYPES = YES;
				CLANG_WARN_SUSPICIOUS_MOVE = YES;
				CLANG_WARN_UNGUARDED_AVAILABILITY = YES_AGGRESSIVE;
				CLANG_WARN_UNREACHABLE_CODE = YES;
				CLANG_WARN__DUPLICATE_METHOD_MATCH = YES;
				COPY_PHASE_STRIP = NO;
				DEBUG_INFORMATION_FORMAT = dwarf;
				ENABLE_STRICT_OBJC_MSGSEND = YES;
				ENABLE_TESTABILITY = YES;
				ENABLE_USER_SCRIPT_SANDBOXING = YES;
				GCC_C_LANGUAGE_STANDARD = gnu17;
				GCC_DYNAMIC_NO_PIC = NO;
				GCC_NO_COMMON_BLOCKS = YES;
				GCC_OPTIMIZATION_LEVEL = 0;
				GCC_PREPROCESSOR_DEFINITIONS = (
					"DEBUG=1",
					"$(inherited)",
				);
				GCC_WARN_64_TO_32_BIT_CONVERSION = YES;
				GCC_WARN_ABOUT_RETURN_TYPE = YES_ERROR;
				GCC_WARN_UNDECLARED_SELECTOR = YES;
				GCC_WARN_UNINITIALIZED_AUTOS = YES_AGGRESSIVE;
				GCC_WARN_UNUSED_FUNCTION = YES;
				GCC_WARN_UNUSED_VARIABLE = YES;
				IPHONEOS_DEPLOYMENT_TARGET = 16.4;
				LOCALIZATION_PREFERS_STRING_CATALOGS = YES;
				MTL_ENABLE_DEBUG_INFO = INCLUDE_SOURCE;
				MTL_FAST_MATH = YES;
				ONLY_ACTIVE_ARCH = YES;
				SDKROOT = iphoneos;
				SWIFT_ACTIVE_COMPILATION_CONDITIONS = "DEBUG $(inherited)";
				SWIFT_OPTIMIZATION_LEVEL = "-Onone";
			};
			name = Debug;
		};
		1D4945142A885CDF00D2DACE /* Release */ = {
			isa = XCBuildConfiguration;
			buildSettings = {
				ALWAYS_SEARCH_USER_PATHS = NO;
				ASSETCATALOG_COMPILER_GENERATE_SWIFT_ASSET_SYMBOL_EXTENSIONS = YES;
				CLANG_ANALYZER_NONNULL = YES;
				CLANG_ANALYZER_NUMBER_OBJECT_CONVERSION = YES_AGGRESSIVE;
				CLANG_CXX_LANGUAGE_STANDARD = "gnu++20";
				CLANG_ENABLE_MODULES = YES;
				CLANG_ENABLE_OBJC_ARC = YES;
				CLANG_ENABLE_OBJC_WEAK = YES;
				CLANG_WARN_BLOCK_CAPTURE_AUTORELEASING = YES;
				CLANG_WARN_BOOL_CONVERSION = YES;
				CLANG_WARN_COMMA = YES;
				CLANG_WARN_CONSTANT_CONVERSION = YES;
				CLANG_WARN_DEPRECATED_OBJC_IMPLEMENTATIONS = YES;
				CLANG_WARN_DIRECT_OBJC_ISA_USAGE = YES_ERROR;
				CLANG_WARN_DOCUMENTATION_COMMENTS = YES;
				CLANG_WARN_EMPTY_BODY = YES;
				CLANG_WARN_ENUM_CONVERSION = YES;
				CLANG_WARN_INFINITE_RECURSION = YES;
				CLANG_WARN_INT_CONVERSION = YES;
				CLANG_WARN_NON_LITERAL_NULL_CONVERSION = YES;
				CLANG_WARN_OBJC_IMPLICIT_RETAIN_SELF = YES;
				CLANG_WARN_OBJC_LITERAL_CONVERSION = YES;
				CLANG_WARN_OBJC_ROOT_CLASS = YES_ERROR;
				CLANG_WARN_QUOTED_INCLUDE_IN_FRAMEWORK_HEADER = YES;
				CLANG_WARN_RANGE_LOOP_ANALYSIS = YES;
				CLANG_WARN_STRICT_PROTOTYPES = YES;
				CLANG_WARN_SUSPICIOUS_MOVE = YES;
				CLANG_WARN_UNGUARDED_AVAILABILITY = YES_AGGRESSIVE;
				CLANG_WARN_UNREACHABLE_CODE = YES;
				CLANG_WARN__DUPLICATE_METHOD_MATCH = YES;
				COPY_PHASE_STRIP = NO;
				DEBUG_INFORMATION_FORMAT = "dwarf-with-dsym";
				ENABLE_NS_ASSERTIONS = NO;
				ENABLE_STRICT_OBJC_MSGSEND = YES;
				ENABLE_USER_SCRIPT_SANDBOXING = YES;
				GCC_C_LANGUAGE_STANDARD = gnu17;
				GCC_NO_COMMON_BLOCKS = YES;
				GCC_WARN_64_TO_32_BIT_CONVERSION = YES;
				GCC_WARN_ABOUT_RETURN_TYPE = YES_ERROR;
				GCC_WARN_UNDECLARED_SELECTOR = YES;
				GCC_WARN_UNINITIALIZED_AUTOS = YES_AGGRESSIVE;
				GCC_WARN_UNUSED_FUNCTION = YES;
				GCC_WARN_UNUSED_VARIABLE = YES;
				IPHONEOS_DEPLOYMENT_TARGET = 16.4;
				LOCALIZATION_PREFERS_STRING_CATALOGS = YES;
				MTL_ENABLE_DEBUG_INFO = NO;
				MTL_FAST_MATH = YES;
				SDKROOT = iphoneos;
				SWIFT_COMPILATION_MODE = wholemodule;
				VALIDATE_PRODUCT = YES;
			};
			name = Release;
		};
		1D4945162A885CDF00D2DACE /* Debug */ = {
			isa = XCBuildConfiguration;
			buildSettings = {
				ASSETCATALOG_COMPILER_APPICON_NAME = AppIcon;
				ASSETCATALOG_COMPILER_GLOBAL_ACCENT_COLOR_NAME = AccentColor;
				CLANG_ENABLE_MODULES = YES;
				CODE_SIGN_ENTITLEMENTS = "Ring-Camera-Control/Ring-Camera-Control.entitlements";
				CODE_SIGN_STYLE = Automatic;
				CURRENT_PROJECT_VERSION = 1;
				DEVELOPMENT_ASSET_PATHS = "\"Ring-Camera-Control/Preview Content\"";
				DEVELOPMENT_TEAM = 7BYH4HTJ4D;
				ENABLE_PREVIEWS = YES;
				FRAMEWORK_SEARCH_PATHS = (
					"$(inherited)",
					"$(PROJECT_DIR)",
				);
				GENERATE_INFOPLIST_FILE = YES;
				INFOPLIST_FILE = "Ring-Camera-Control/Info.plist";
				INFOPLIST_KEY_NSAppleMusicUsageDescription = "App will require media access for Music and Video";
				INFOPLIST_KEY_NSBluetoothAlwaysUsageDescription = "App will require Bluetooth to always be on";
				INFOPLIST_KEY_NSHomeKitUsageDescription = "App will require access to your HomeKit";
				INFOPLIST_KEY_UIApplicationSceneManifest_Generation = YES;
				INFOPLIST_KEY_UIApplicationSupportsIndirectInputEvents = YES;
				INFOPLIST_KEY_UILaunchScreen_Generation = YES;
				INFOPLIST_KEY_UISupportedInterfaceOrientations_iPad = "UIInterfaceOrientationPortrait UIInterfaceOrientationPortraitUpsideDown UIInterfaceOrientationLandscapeLeft UIInterfaceOrientationLandscapeRight";
				INFOPLIST_KEY_UISupportedInterfaceOrientations_iPhone = "UIInterfaceOrientationPortrait UIInterfaceOrientationLandscapeLeft UIInterfaceOrientationLandscapeRight";
				IPHONEOS_DEPLOYMENT_TARGET = 16.1;
				LD_RUNPATH_SEARCH_PATHS = (
					"$(inherited)",
					"@executable_path/Frameworks",
				);
				LIBRARY_SEARCH_PATHS = (
					"$(inherited)",
					"$(PROJECT_DIR)",
				);
				MARKETING_VERSION = 1.0;
				OTHER_LDFLAGS = "-Objc";
				PRODUCT_BUNDLE_IDENTIFIER = "com.beta.RingApp2.Ring-Camera-Control";
				PRODUCT_NAME = "$(TARGET_NAME)";
				SWIFT_EMIT_LOC_STRINGS = YES;
				SWIFT_OBJC_BRIDGING_HEADER = "Ring-Camera-Control/Ring-Camera-Control-Bridging-Header.h";
				SWIFT_OPTIMIZATION_LEVEL = "-Onone";
				SWIFT_VERSION = 5.0;
				TARGETED_DEVICE_FAMILY = "1,2";
			};
			name = Debug;
		};
		1D4945172A885CDF00D2DACE /* Release */ = {
			isa = XCBuildConfiguration;
			buildSettings = {
				ASSETCATALOG_COMPILER_APPICON_NAME = AppIcon;
				ASSETCATALOG_COMPILER_GLOBAL_ACCENT_COLOR_NAME = AccentColor;
				CLANG_ENABLE_MODULES = YES;
				CODE_SIGN_ENTITLEMENTS = "Ring-Camera-Control/Ring-Camera-Control.entitlements";
				CODE_SIGN_STYLE = Automatic;
				CURRENT_PROJECT_VERSION = 1;
				DEVELOPMENT_ASSET_PATHS = "\"Ring-Camera-Control/Preview Content\"";
				DEVELOPMENT_TEAM = 7BYH4HTJ4D;
				ENABLE_PREVIEWS = YES;
				FRAMEWORK_SEARCH_PATHS = (
					"$(inherited)",
					"$(PROJECT_DIR)",
				);
				GENERATE_INFOPLIST_FILE = YES;
				INFOPLIST_FILE = "Ring-Camera-Control/Info.plist";
				INFOPLIST_KEY_NSAppleMusicUsageDescription = "App will require media access for Music and Video";
				INFOPLIST_KEY_NSBluetoothAlwaysUsageDescription = "App will require Bluetooth to always be on";
				INFOPLIST_KEY_NSHomeKitUsageDescription = "App will require access to your HomeKit";
				INFOPLIST_KEY_UIApplicationSceneManifest_Generation = YES;
				INFOPLIST_KEY_UIApplicationSupportsIndirectInputEvents = YES;
				INFOPLIST_KEY_UILaunchScreen_Generation = YES;
				INFOPLIST_KEY_UISupportedInterfaceOrientations_iPad = "UIInterfaceOrientationPortrait UIInterfaceOrientationPortraitUpsideDown UIInterfaceOrientationLandscapeLeft UIInterfaceOrientationLandscapeRight";
				INFOPLIST_KEY_UISupportedInterfaceOrientations_iPhone = "UIInterfaceOrientationPortrait UIInterfaceOrientationLandscapeLeft UIInterfaceOrientationLandscapeRight";
				IPHONEOS_DEPLOYMENT_TARGET = 16.1;
				LD_RUNPATH_SEARCH_PATHS = (
					"$(inherited)",
					"@executable_path/Frameworks",
				);
				LIBRARY_SEARCH_PATHS = (
					"$(inherited)",
					"$(PROJECT_DIR)",
				);
				MARKETING_VERSION = 1.0;
				OTHER_LDFLAGS = "-Objc";
				PRODUCT_BUNDLE_IDENTIFIER = "com.beta.RingApp2.Ring-Camera-Control";
				PRODUCT_NAME = "$(TARGET_NAME)";
				SWIFT_EMIT_LOC_STRINGS = YES;
				SWIFT_OBJC_BRIDGING_HEADER = "Ring-Camera-Control/Ring-Camera-Control-Bridging-Header.h";
				SWIFT_VERSION = 5.0;
				TARGETED_DEVICE_FAMILY = "1,2";
			};
			name = Release;
		};
/* End XCBuildConfiguration section */

/* Begin XCConfigurationList section */
		1D4945022A885CDD00D2DACE /* Build configuration list for PBXProject "Ring-Camera-Control" */ = {
			isa = XCConfigurationList;
			buildConfigurations = (
				1D4945132A885CDF00D2DACE /* Debug */,
				1D4945142A885CDF00D2DACE /* Release */,
			);
			defaultConfigurationIsVisible = 0;
			defaultConfigurationName = Release;
		};
		1D4945152A885CDF00D2DACE /* Build configuration list for PBXNativeTarget "Ring-Camera-Control" */ = {
			isa = XCConfigurationList;
			buildConfigurations = (
				1D4945162A885CDF00D2DACE /* Debug */,
				1D4945172A885CDF00D2DACE /* Release */,
			);
			defaultConfigurationIsVisible = 0;
			defaultConfigurationName = Release;
		};
/* End XCConfigurationList section */
	};
	rootObject = 1D4944FF2A885CDD00D2DACE /* Project object */;
}
