PODS:
  - onnxruntime-c (1.17.0)
  - onnxruntime-objc (1.17.0):
    - onnxruntime-objc/Core (= 1.17.0)
  - onnxruntime-objc/Core (1.17.0):
    - onnxruntime-c (= 1.17.0)

DEPENDENCIES:
  - onnxruntime-objc

SPEC REPOS:
  trunk:
    - onnxruntime-c
    - onnxruntime-objc

SPEC CHECKSUMS:
  onnxruntime-c: f5350dc5e5c4a25d0b2887a7320b8589db84431a
  onnxruntime-objc: f801d5bd43ac14110136f707dccf0c851822b51e

PODFILE CHECKSUM: 9d3f4beaf668b2ef5c4033e77a2c0774026a2f44

COCOAPODS: 1.14.3
